
Microsoft Visual Studio Solution File, Format Version 12.00
# Visual Studio Version 16
VisualStudioVersion = 16.0.29409.12
MinimumVisualStudioVersion = 10.0.40219.1
Project("{FAE04EC0-301F-11D3-BF4B-00C04F79EFBC}") = "laboratorASP_WCF", "laboratorASP_WCF\laboratorASP_WCF.csproj", "{CFF9056A-148E-4A9B-A5AA-D60AE083BAD1}"
EndProject
Project("{FAE04EC0-301F-11D3-BF4B-00C04F79EFBC}") = "ObjectWCF", "ObjectWCF\ObjectWCF.csproj", "{329570A6-3D1B-4F11-B8E8-29A75911843D}"
EndProject
Project("{FAE04EC0-301F-11D3-BF4B-00C04F79EFBC}") = "HostWCF", "HostWCF\HostWCF.csproj", "{CE140978-1A62-4BD7-A391-8188D89EDF67}"
EndProject
Project("{FAE04EC0-301F-11D3-BF4B-00C04F79EFBC}") = "ClientPostComment", "ClientPostComment\ClientPostComment.csproj", "{525E2C38-8A72-49C5-9EBF-7C6E206B9AF4}"
EndProject
Project("{FAE04EC0-301F-11D3-BF4B-00C04F79EFBC}") = "PostComment", "PostComment\PostComment.csproj", "{1E42F61F-9151-474F-B23A-B872D6D6E145}"
EndProject
Global
	GlobalSection(SolutionConfigurationPlatforms) = preSolution
		Debug|Any CPU = Debug|Any CPU
		Release|Any CPU = Release|Any CPU
	EndGlobalSection
	GlobalSection(ProjectConfigurationPlatforms) = postSolution
		{CFF9056A-148E-4A9B-A5AA-D60AE083BAD1}.Debug|Any CPU.ActiveCfg = Debug|Any CPU
		{CFF9056A-148E-4A9B-A5AA-D60AE083BAD1}.Debug|Any CPU.Build.0 = Debug|Any CPU
		{CFF9056A-148E-4A9B-A5AA-D60AE083BAD1}.Release|Any CPU.ActiveCfg = Release|Any CPU
		{CFF9056A-148E-4A9B-A5AA-D60AE083BAD1}.Release|Any CPU.Build.0 = Release|Any CPU
		{329570A6-3D1B-4F11-B8E8-29A75911843D}.Debug|Any CPU.ActiveCfg = Debug|Any CPU
		{329570A6-3D1B-4F11-B8E8-29A75911843D}.Debug|Any CPU.Build.0 = Debug|Any CPU
		{329570A6-3D1B-4F11-B8E8-29A75911843D}.Release|Any CPU.ActiveCfg = Release|Any CPU
		{329570A6-3D1B-4F11-B8E8-29A75911843D}.Release|Any CPU.Build.0 = Release|Any CPU
		{CE140978-1A62-4BD7-A391-8188D89EDF67}.Debug|Any CPU.ActiveCfg = Debug|Any CPU
		{CE140978-1A62-4BD7-A391-8188D89EDF67}.Debug|Any CPU.Build.0 = Debug|Any CPU
		{CE140978-1A62-4BD7-A391-8188D89EDF67}.Release|Any CPU.ActiveCfg = Release|Any CPU
		{CE140978-1A62-4BD7-A391-8188D89EDF67}.Release|Any CPU.Build.0 = Release|Any CPU
		{525E2C38-8A72-49C5-9EBF-7C6E206B9AF4}.Debug|Any CPU.ActiveCfg = Debug|Any CPU
		{525E2C38-8A72-49C5-9EBF-7C6E206B9AF4}.Debug|Any CPU.Build.0 = Debug|Any CPU
		{525E2C38-8A72-49C5-9EBF-7C6E206B9AF4}.Release|Any CPU.ActiveCfg = Release|Any CPU
		{525E2C38-8A72-49C5-9EBF-7C6E206B9AF4}.Release|Any CPU.Build.0 = Release|Any CPU
		{1E42F61F-9151-474F-B23A-B872D6D6E145}.Debug|Any CPU.ActiveCfg = Debug|Any CPU
		{1E42F61F-9151-474F-B23A-B872D6D6E145}.Debug|Any CPU.Build.0 = Debug|Any CPU
		{1E42F61F-9151-474F-B23A-B872D6D6E145}.Release|Any CPU.ActiveCfg = Release|Any CPU
		{1E42F61F-9151-474F-B23A-B872D6D6E145}.Release|Any CPU.Build.0 = Release|Any CPU
	EndGlobalSection
	GlobalSection(SolutionProperties) = preSolution
		HideSolutionNode = FALSE
	EndGlobalSection
	GlobalSection(ExtensibilityGlobals) = postSolution
		SolutionGuid = {E18FC2E6-A767-417C-B748-162763EB5317}
	EndGlobalSection
EndGlobal
